# THIS IS AN AUTOGENERATED FILE. DO NOT EDIT THIS FILE DIRECTLY.
# yarn lockfile v1


calculate-age@^1.0.0:
  version "1.0.0"
  resolved "https://registry.yarnpkg.com/calculate-age/-/calculate-age-1.0.0.tgz#15e615fcd8a339f857630e46ddf042f5e5dfe70a"
  integrity sha512-NQ3onQDH+uDFKO2gfq23g85V6jidZDhd4MmSFzgnxLtVMuJf+qsMpnV6mbuAlAAbF9mBqVf5B6Vk2zzjWpG4RQ==

chunk@^0.0.3:
  version "0.0.3"
  resolved "https://registry.yarnpkg.com/chunk/-/chunk-0.0.3.tgz#d4f7473e35439c543d1d209464c27839e2b51d7a"
  integrity sha512-oGfwvhjGRW3Ks4GTdGoJhZWKEO1eomjOC26001R+5H0TIlP7vBCO+/XcNcPCA6ayYC7RQSq1/NsN4679Odcm5A==
